// !$*UTF8*$!
{
	archiveVersion = 1;
	classes = {
	};
	objectVersion = 56;
	objects = {

/* Begin PBXBuildFile section */
		8B8BCEED29A2CF930051F80A /* MovieLookupApp.swift in Sources */ = {isa = PBXBuildFile; fileRef = 8B8BCEEC29A2CF930051F80A /* MovieLookupApp.swift */; };
		8B8BCEEF29A2CF930051F80A /* ContentView.swift in Sources */ = {isa = PBXBuildFile; fileRef = 8B8BCEEE29A2CF930051F80A /* ContentView.swift */; };
		8B8BCEF129A2CF940051F80A /* Assets.xcassets in Resources */ = {isa = PBXBuildFile; fileRef = 8B8BCEF029A2CF940051F80A /* Assets.xcassets */; };
		8B8BCEF429A2CF940051F80A /* Preview Assets.xcassets in Resources */ = {isa = PBXBuildFile; fileRef = 8B8BCEF329A2CF940051F80A /* Preview Assets.xcassets */; };
		8B8BCEFB29A2DDFD0051F80A /* TrendingCard.swift in Sources */ = {isa = PBXBuildFile; fileRef = 8B8BCEFA29A2DDFD0051F80A /* TrendingCard.swift */; };
		8B8BCEFD29A2DE150051F80A /* MovieDBViewModel.swift in Sources */ = {isa = PBXBuildFile; fileRef = 8B8BCEFC29A2DE150051F80A /* MovieDBViewModel.swift */; };
		8B8BCEFF29A2DE260051F80A /* TrendingResults.swift in Sources */ = {isa = PBXBuildFile; fileRef = 8B8BCEFE29A2DE260051F80A /* TrendingResults.swift */; };
		8B8BCF0129A2DE330051F80A /* Movie.swift in Sources */ = {isa = PBXBuildFile; fileRef = 8B8BCF0029A2DE330051F80A /* Movie.swift */; };
/* End PBXBuildFile section */

/* Begin PBXFileReference section */
		8B8BCEE929A2CF930051F80A /* MovieLookup.app */ = {isa = PBXFileReference; explicitFileType = wrapper.application; includeInIndex = 0; path = MovieLookup.app; sourceTree = BUILT_PRODUCTS_DIR; };
		8B8BCEEC29A2CF930051F80A /* MovieLookupApp.swift */ = {isa = PBXFileReference; lastKnownFileType = sourcecode.swift; path = MovieLookupApp.swift; sourceTree = "<group>"; };
		8B8BCEEE29A2CF930051F80A /* ContentView.swift */ = {isa = PBXFileReference; lastKnownFileType = sourcecode.swift; path = ContentView.swift; sourceTree = "<group>"; };
		8B8BCEF029A2CF940051F80A /* Assets.xcassets */ = {isa = PBXFileReference; lastKnownFileType = folder.assetcatalog; path = Assets.xcassets; sourceTree = "<group>"; };
		8B8BCEF329A2CF940051F80A /* Preview Assets.xcassets */ = {isa = PBXFileReference; lastKnownFileType = folder.assetcatalog; path = "Preview Assets.xcassets"; sourceTree = "<group>"; };
		8B8BCEFA29A2DDFD0051F80A /* TrendingCard.swift */ = {isa = PBXFileReference; lastKnownFileType = sourcecode.swift; path = TrendingCard.swift; sourceTree = "<group>"; };
		8B8BCEFC29A2DE150051F80A /* MovieDBViewModel.swift */ = {isa = PBXFileReference; lastKnownFileType = sourcecode.swift; path = MovieDBViewModel.swift; sourceTree = "<group>"; };
		8B8BCEFE29A2DE260051F80A /* TrendingResults.swift */ = {isa = PBXFileReference; lastKnownFileType = sourcecode.swift; path = TrendingResults.swift; sourceTree = "<group>"; };
		8B8BCF0029A2DE330051F80A /* Movie.swift */ = {isa = PBXFileReference; lastKnownFileType = sourcecode.swift; path = Movie.swift; sourceTree = "<group>"; };
/* End PBXFileReference section */

/* Begin PBXFrameworksBuildPhase section */
		8B8BCEE629A2CF930051F80A /* Frameworks */ = {
			isa = PBXFrameworksBuildPhase;
			buildActionMask = 2147483647;
			files = (
			);
			runOnlyForDeploymentPostprocessing = 0;
		};
/* End PBXFrameworksBuildPhase section */

/* Begin PBXGroup section */
		8B8BCEE029A2CF930051F80A = {
			isa = PBXGroup;
			children = (
				8B8BCEEB29A2CF930051F80A /* MovieLookup */,
				8B8BCEEA29A2CF930051F80A /* Products */,
			);
			sourceTree = "<group>";
		};
		8B8BCEEA29A2CF930051F80A /* Products */ = {
			isa = PBXGroup;
			children = (
				8B8BCEE929A2CF930051F80A /* MovieLookup.app */,
			);
			name = Products;
			sourceTree = "<group>";
		};
		8B8BCEEB29A2CF930051F80A /* MovieLookup */ = {
			isa = PBXGroup;
			children = (
				8B8BCEEC29A2CF930051F80A /* MovieLookupApp.swift */,
				8B8BCEEE29A2CF930051F80A /* ContentView.swift */,
				8B8BCF0429A2DE4A0051F80A /* view */,
				8B8BCF0229A2DE380051F80A /* model */,
				8B8BCEF029A2CF940051F80A /* Assets.xcassets */,
				8B8BCEF229A2CF940051F80A /* Preview Content */,
			);
			path = MovieLookup;
			sourceTree = "<group>";
		};
		8B8BCEF229A2CF940051F80A /* Preview Content */ = {
			isa = PBXGroup;
			children = (
				8B8BCEF329A2CF940051F80A /* Preview Assets.xcassets */,
			);
			path = "Preview Content";
			sourceTree = "<group>";
		};
		8B8BCF0229A2DE380051F80A /* model */ = {
			isa = PBXGroup;
			children = (
				8B8BCEFC29A2DE150051F80A /* MovieDBViewModel.swift */,
				8B8BCEFE29A2DE260051F80A /* TrendingResults.swift */,
				8B8BCF0029A2DE330051F80A /* Movie.swift */,
			);
			path = model;
			sourceTree = "<group>";
		};
		8B8BCF0429A2DE4A0051F80A /* view */ = {
			isa = PBXGroup;
			children = (
				8B8BCEFA29A2DDFD0051F80A /* TrendingCard.swift */,
			);
			path = view;
			sourceTree = "<group>";
		};
/* End PBXGroup section */

/* Begin PBXNativeTarget section */
		8B8BCEE829A2CF930051F80A /* MovieLookup */ = {
			isa = PBXNativeTarget;
			buildConfigurationList = 8B8BCEF729A2CF940051F80A /* Build configuration list for PBXNativeTarget "MovieLookup" */;
			buildPhases = (
				8B8BCEE529A2CF930051F80A /* Sources */,
				8B8BCEE629A2CF930051F80A /* Frameworks */,
				8B8BCEE729A2CF930051F80A /* Resources */,
			);
			buildRules = (
			);
			dependencies = (
			);
			name = MovieLookup;
			productName = MovieLookup;
			productReference = 8B8BCEE929A2CF930051F80A /* MovieLookup.app */;
			productType = "com.apple.product-type.application";
		};
/* End PBXNativeTarget section */

/* Begin PBXProject section */
		8B8BCEE129A2CF930051F80A /* Project object */ = {
			isa = PBXProject;
			attributes = {
				BuildIndependentTargetsInParallel = 1;
				LastSwiftUpdateCheck = 1420;
				LastUpgradeCheck = 1420;
				TargetAttributes = {
					8B8BCEE829A2CF930051F80A = {
						CreatedOnToolsVersion = 14.2;
					};
				};
			};
			buildConfigurationList = 8B8BCEE429A2CF930051F80A /* Build configuration list for PBXProject "MovieLookup" */;
			compatibilityVersion = "Xcode 14.0";
			developmentRegion = en;
			hasScannedForEncodings = 0;
			knownRegions = (
				en,
				Base,
			);
			mainGroup = 8B8BCEE029A2CF930051F80A;
			productRefGroup = 8B8BCEEA29A2CF930051F80A /* Products */;
			projectDirPath = "";
			projectRoot = "";
			targets = (
				8B8BCEE829A2CF930051F80A /* MovieLookup */,
			);
		};
/* End PBXProject section */

/* Begin PBXResourcesBuildPhase section */
		8B8BCEE729A2CF930051F80A /* Resources */ = {
			isa = PBXResourcesBuildPhase;
			buildActionMask = 2147483647;
			files = (
				8B8BCEF429A2CF940051F80A /* Preview Assets.xcassets in Resources */,
				8B8BCEF129A2CF940051F80A /* Assets.xcassets in Resources */,
			);
			runOnlyForDeploymentPostprocessing = 0;
		};
/* End PBXResourcesBuildPhase section */

/* Begin PBXSourcesBuildPhase section */
		8B8BCEE529A2CF930051F80A /* Sources */ = {
			isa = PBXSourcesBuildPhase;
			buildActionMask = 2147483647;
			files = (
				8B8BCEFF29A2DE260051F80A /* TrendingResults.swift in Sources */,
				8B8BCEFB29A2DDFD0051F80A /* TrendingCard.swift in Sources */,
				8B8BCEEF29A2CF930051F80A /* ContentView.swift in Sources */,
				8B8BCEED29A2CF930051F80A /* MovieLookupApp.swift in Sources */,
				8B8BCEFD29A2DE150051F80A /* MovieDBViewModel.swift in Sources */,
				8B8BCF0129A2DE330051F80A /* Movie.swift in Sources */,
			);
			runOnlyForDeploymentPostprocessing = 0;
		};
/* End PBXSourcesBuildPhase section */

/* Begin XCBuildConfiguration section */
		8B8BCEF529A2CF940051F80A /* Debug */ = {
			isa = XCBuildConfiguration;
			buildSettings = {
				ALWAYS_SEARCH_USER_PATHS = NO;
				CLANG_ANALYZER_NONNULL = YES;
				CLANG_ANALYZER_NUMBER_OBJECT_CONVERSION = YES_AGGRESSIVE;
				CLANG_CXX_LANGUAGE_STANDARD = "gnu++20";
				CLANG_ENABLE_MODULES = YES;
				CLANG_ENABLE_OBJC_ARC = YES;
				CLANG_ENABLE_OBJC_WEAK = YES;
				CLANG_WARN_BLOCK_CAPTURE_AUTORELEASING = YES;
				CLANG_WARN_BOOL_CONVERSION = YES;
				CLANG_WARN_COMMA = YES;
				CLANG_WARN_CONSTANT_CONVERSION = YES;
				CLANG_WARN_DEPRECATED_OBJC_IMPLEMENTATIONS = YES;
				CLANG_WARN_DIRECT_OBJC_ISA_USAGE = YES_ERROR;
				CLANG_WARN_DOCUMENTATION_COMMENTS = YES;
				CLANG_WARN_EMPTY_BODY = YES;
				CLANG_WARN_ENUM_CONVERSION = YES;
				CLANG_WARN_INFINITE_RECURSION = YES;
				CLANG_WARN_INT_CONVERSION = YES;
				CLANG_WARN_NON_LITERAL_NULL_CONVERSION = YES;
				CLANG_WARN_OBJC_IMPLICIT_RETAIN_SELF = YES;
				CLANG_WARN_OBJC_LITERAL_CONVERSION = YES;
				CLANG_WARN_OBJC_ROOT_CLASS = YES_ERROR;
				CLANG_WARN_QUOTED_INCLUDE_IN_FRAMEWORK_HEADER = YES;
				CLANG_WARN_RANGE_LOOP_ANALYSIS = YES;
				CLANG_WARN_STRICT_PROTOTYPES = YES;
				CLANG_WARN_SUSPICIOUS_MOVE = YES;
				CLANG_WARN_UNGUARDED_AVAILABILITY = YES_AGGRESSIVE;
				CLANG_WARN_UNREACHABLE_CODE = YES;
				CLANG_WARN__DUPLICATE_METHOD_MATCH = YES;
				COPY_PHASE_STRIP = NO;
				DEBUG_INFORMATION_FORMAT = dwarf;
				ENABLE_STRICT_OBJC_MSGSEND = YES;
				ENABLE_TESTABILITY = YES;
				GCC_C_LANGUAGE_STANDARD = gnu11;
				GCC_DYNAMIC_NO_PIC = NO;
				GCC_NO_COMMON_BLOCKS = YES;
				GCC_OPTIMIZATION_LEVEL = 0;
				GCC_PREPROCESSOR_DEFINITIONS = (
					"DEBUG=1",
					"$(inherited)",
				);
				GCC_WARN_64_TO_32_BIT_CONVERSION = YES;
				GCC_WARN_ABOUT_RETURN_TYPE = YES_ERROR;
				GCC_WARN_UNDECLARED_SELECTOR = YES;
				GCC_WARN_UNINITIALIZED_AUTOS = YES_AGGRESSIVE;
				GCC_WARN_UNUSED_FUNCTION = YES;
				GCC_WARN_UNUSED_VARIABLE = YES;
				IPHONEOS_DEPLOYMENT_TARGET = 16.2;
				MTL_ENABLE_DEBUG_INFO = INCLUDE_SOURCE;
				MTL_FAST_MATH = YES;
				ONLY_ACTIVE_ARCH = YES;
				SDKROOT = iphoneos;
				SWIFT_ACTIVE_COMPILATION_CONDITIONS = DEBUG;
				SWIFT_OPTIMIZATION_LEVEL = "-Onone";
			};
			name = Debug;
		};
		8B8BCEF629A2CF940051F80A /* Release */ = {
			isa = XCBuildConfiguration;
			buildSettings = {
				ALWAYS_SEARCH_USER_PATHS = NO;
				CLANG_ANALYZER_NONNULL = YES;
				CLANG_ANALYZER_NUMBER_OBJECT_CONVERSION = YES_AGGRESSIVE;
				CLANG_CXX_LANGUAGE_STANDARD = "gnu++20";
				CLANG_ENABLE_MODULES = YES;
				CLANG_ENABLE_OBJC_ARC = YES;
				CLANG_ENABLE_OBJC_WEAK = YES;
				CLANG_WARN_BLOCK_CAPTURE_AUTORELEASING = YES;
				CLANG_WARN_BOOL_CONVERSION = YES;
				CLANG_WARN_COMMA = YES;
				CLANG_WARN_CONSTANT_CONVERSION = YES;
				CLANG_WARN_DEPRECATED_OBJC_IMPLEMENTATIONS = YES;
				CLANG_WARN_DIRECT_OBJC_ISA_USAGE = YES_ERROR;
				CLANG_WARN_DOCUMENTATION_COMMENTS = YES;
				CLANG_WARN_EMPTY_BODY = YES;
				CLANG_WARN_ENUM_CONVERSION = YES;
				CLANG_WARN_INFINITE_RECURSION = YES;
				CLANG_WARN_INT_CONVERSION = YES;
				CLANG_WARN_NON_LITERAL_NULL_CONVERSION = YES;
				CLANG_WARN_OBJC_IMPLICIT_RETAIN_SELF = YES;
				CLANG_WARN_OBJC_LITERAL_CONVERSION = YES;
				CLANG_WARN_OBJC_ROOT_CLASS = YES_ERROR;
				CLANG_WARN_QUOTED_INCLUDE_IN_FRAMEWORK_HEADER = YES;
				CLANG_WARN_RANGE_LOOP_ANALYSIS = YES;
				CLANG_WARN_STRICT_PROTOTYPES = YES;
				CLANG_WARN_SUSPICIOUS_MOVE = YES;
				CLANG_WARN_UNGUARDED_AVAILABILITY = YES_AGGRESSIVE;
				CLANG_WARN_UNREACHABLE_CODE = YES;
				CLANG_WARN__DUPLICATE_METHOD_MATCH = YES;
				COPY_PHASE_STRIP = NO;
				DEBUG_INFORMATION_FORMAT = "dwarf-with-dsym";
				ENABLE_NS_ASSERTIONS = NO;
				ENABLE_STRICT_OBJC_MSGSEND = YES;
				GCC_C_LANGUAGE_STANDARD = gnu11;
				GCC_NO_COMMON_BLOCKS = YES;
				GCC_WARN_64_TO_32_BIT_CONVERSION = YES;
				GCC_WARN_ABOUT_RETURN_TYPE = YES_ERROR;
				GCC_WARN_UNDECLARED_SELECTOR = YES;
				GCC_WARN_UNINITIALIZED_AUTOS = YES_AGGRESSIVE;
				GCC_WARN_UNUSED_FUNCTION = YES;
				GCC_WARN_UNUSED_VARIABLE = YES;
				IPHONEOS_DEPLOYMENT_TARGET = 16.2;
				MTL_ENABLE_DEBUG_INFO = NO;
				MTL_FAST_MATH = YES;
				SDKROOT = iphoneos;
				SWIFT_COMPILATION_MODE = wholemodule;
				SWIFT_OPTIMIZATION_LEVEL = "-O";
				VALIDATE_PRODUCT = YES;
			};
			name = Release;
		};
		8B8BCEF829A2CF940051F80A /* Debug */ = {
			isa = XCBuildConfiguration;
			buildSettings = {
				ASSETCATALOG_COMPILER_APPICON_NAME = AppIcon;
				ASSETCATALOG_COMPILER_GLOBAL_ACCENT_COLOR_NAME = AccentColor;
				CODE_SIGN_STYLE = Automatic;
				CURRENT_PROJECT_VERSION = 1;
				DEVELOPMENT_ASSET_PATHS = "\"MovieLookup/Preview Content\"";
				DEVELOPMENT_TEAM = 2VA9RUV2PN;
				ENABLE_PREVIEWS = YES;
				GENERATE_INFOPLIST_FILE = YES;
				INFOPLIST_KEY_UIApplicationSceneManifest_Generation = YES;
				INFOPLIST_KEY_UIApplicationSupportsIndirectInputEvents = YES;
				INFOPLIST_KEY_UILaunchScreen_Generation = YES;
				INFOPLIST_KEY_UISupportedInterfaceOrientations_iPad = "UIInterfaceOrientationPortrait UIInterfaceOrientationPortraitUpsideDown UIInterfaceOrientationLandscapeLeft UIInterfaceOrientationLandscapeRight";
				INFOPLIST_KEY_UISupportedInterfaceOrientations_iPhone = "UIInterfaceOrientationPortrait UIInterfaceOrientationLandscapeLeft UIInterfaceOrientationLandscapeRight";
				LD_RUNPATH_SEARCH_PATHS = (
					"$(inherited)",
					"@executable_path/Frameworks",
				);
				MARKETING_VERSION = 1.0;
				PRODUCT_BUNDLE_IDENTIFIER = getswifty.MovieLookup;
				PRODUCT_NAME = "$(TARGET_NAME)";
				SWIFT_EMIT_LOC_STRINGS = YES;
				SWIFT_VERSION = 5.0;
				TARGETED_DEVICE_FAMILY = "1,2";
			};
			name = Debug;
		};
		8B8BCEF929A2CF940051F80A /* Release */ = {
			isa = XCBuildConfiguration;
			buildSettings = {
				ASSETCATALOG_COMPILER_APPICON_NAME = AppIcon;
				ASSETCATALOG_COMPILER_GLOBAL_ACCENT_COLOR_NAME = AccentColor;
				CODE_SIGN_STYLE = Automatic;
				CURRENT_PROJECT_VERSION = 1;
				DEVELOPMENT_ASSET_PATHS = "\"MovieLookup/Preview Content\"";
				DEVELOPMENT_TEAM = 2VA9RUV2PN;
				ENABLE_PREVIEWS = YES;
				GENERATE_INFOPLIST_FILE = YES;
				INFOPLIST_KEY_UIApplicationSceneManifest_Generation = YES;
				INFOPLIST_KEY_UIApplicationSupportsIndirectInputEvents = YES;
				INFOPLIST_KEY_UILaunchScreen_Generation = YES;
				INFOPLIST_KEY_UISupportedInterfaceOrientations_iPad = "UIInterfaceOrientationPortrait UIInterfaceOrientationPortraitUpsideDown UIInterfaceOrientationLandscapeLeft UIInterfaceOrientationLandscapeRight";
				INFOPLIST_KEY_UISupportedInterfaceOrientations_iPhone = "UIInterfaceOrientationPortrait UIInterfaceOrientationLandscapeLeft UIInterfaceOrientationLandscapeRight";
				LD_RUNPATH_SEARCH_PATHS = (
					"$(inherited)",
					"@executable_path/Frameworks",
				);
				MARKETING_VERSION = 1.0;
				PRODUCT_BUNDLE_IDENTIFIER = getswifty.MovieLookup;
				PRODUCT_NAME = "$(TARGET_NAME)";
				SWIFT_EMIT_LOC_STRINGS = YES;
				SWIFT_VERSION = 5.0;
				TARGETED_DEVICE_FAMILY = "1,2";
			};
			name = Release;
		};
/* End XCBuildConfiguration section */

/* Begin XCConfigurationList section */
		8B8BCEE429A2CF930051F80A /* Build configuration list for PBXProject "MovieLookup" */ = {
			isa = XCConfigurationList;
			buildConfigurations = (
				8B8BCEF529A2CF940051F80A /* Debug */,
				8B8BCEF629A2CF940051F80A /* Release */,
			);
			defaultConfigurationIsVisible = 0;
			defaultConfigurationName = Release;
		};
		8B8BCEF729A2CF940051F80A /* Build configuration list for PBXNativeTarget "MovieLookup" */ = {
			isa = XCConfigurationList;
			buildConfigurations = (
				8B8BCEF829A2CF940051F80A /* Debug */,
				8B8BCEF929A2CF940051F80A /* Release */,
			);
			defaultConfigurationIsVisible = 0;
			defaultConfigurationName = Release;
		};
/* End XCConfigurationList section */
	};
	rootObject = 8B8BCEE129A2CF930051F80A /* Project object */;
}
